
Microsoft Visual Studio Solution File, Format Version 12.00
# Visual Studio 2012
Project("{FAE04EC0-301F-11D3-BF4B-00C04F79EFBC}") = "note_lesson_2", "note_lesson_2.csproj", "{B22B0DC5-50E6-41AC-A336-54C70666E4CE}"
EndProject
Global
	GlobalSection(SolutionConfigurationPlatforms) = preSolution
		Debug|x86 = Debug|x86
		Release|x86 = Release|x86
	EndGlobalSection
	GlobalSection(ProjectConfigurationPlatforms) = postSolution
		{B22B0DC5-50E6-41AC-A336-54C70666E4CE}.Debug|x86.ActiveCfg = Debug|x86
		{B22B0DC5-50E6-41AC-A336-54C70666E4CE}.Debug|x86.Build.0 = Debug|x86
		{B22B0DC5-50E6-41AC-A336-54C70666E4CE}.Release|x86.ActiveCfg = Release|x86
		{B22B0DC5-50E6-41AC-A336-54C70666E4CE}.Release|x86.Build.0 = Release|x86
	EndGlobalSection
EndGlobal
